
Microsoft Visual Studio Solution File, Format Version 12.00
# Visual Studio Version 16
VisualStudioVersion = 16.0.30717.126
MinimumVisualStudioVersion = 10.0.40219.1
Project("{FAE04EC0-301F-11D3-BF4B-00C04F79EFBC}") = "ApiRestMediatR", "ApiRestMediatR.csproj", "{B5AFA270-6A42-44B9-B7AF-F595E928B294}"
EndProject
Global
	GlobalSection(SolutionConfigurationPlatforms) = preSolution
		Debug|Any CPU = Debug|Any CPU
		Release|Any CPU = Release|Any CPU
	EndGlobalSection
	GlobalSection(ProjectConfigurationPlatforms) = postSolution
		{B5AFA270-6A42-44B9-B7AF-F595E928B294}.Debug|Any CPU.ActiveCfg = Debug|Any CPU
		{B5AFA270-6A42-44B9-B7AF-F595E928B294}.Debug|Any CPU.Build.0 = Debug|Any CPU
		{B5AFA270-6A42-44B9-B7AF-F595E928B294}.Release|Any CPU.ActiveCfg = Release|Any CPU
		{B5AFA270-6A42-44B9-B7AF-F595E928B294}.Release|Any CPU.Build.0 = Release|Any CPU
	EndGlobalSection
	GlobalSection(SolutionProperties) = preSolution
		HideSolutionNode = FALSE
	EndGlobalSection
	GlobalSection(ExtensibilityGlobals) = postSolution
		SolutionGuid = {FEC14B4B-4724-41F0-BCFB-4F04D4F75C3A}
	EndGlobalSection
EndGlobal
